// !$*UTF8*$!
{
	archiveVersion = 1;
	classes = {
	};
	objectVersion = 50;
	objects = {

/* Begin PBXBuildFile section */
		CF14451E21EA624B0004129A /* AppDelegate.swift in Sources */ = {isa = PBXBuildFile; fileRef = CF14451D21EA624B0004129A /* AppDelegate.swift */; };
		CF14452021EA624B0004129A /* ViewController.swift in Sources */ = {isa = PBXBuildFile; fileRef = CF14451F21EA624B0004129A /* ViewController.swift */; };
		CF14452321EA624B0004129A /* Main.storyboard in Resources */ = {isa = PBXBuildFile; fileRef = CF14452121EA624B0004129A /* Main.storyboard */; };
		CF14452521EA624C0004129A /* Assets.xcassets in Resources */ = {isa = PBXBuildFile; fileRef = CF14452421EA624C0004129A /* Assets.xcassets */; };
		CF14452821EA624C0004129A /* LaunchScreen.storyboard in Resources */ = {isa = PBXBuildFile; fileRef = CF14452621EA624C0004129A /* LaunchScreen.storyboard */; };
		CF52389621EA6B85000E5B07 /* GoogleService-Info.plist in Resources */ = {isa = PBXBuildFile; fileRef = CF52389521EA6B85000E5B07 /* GoogleService-Info.plist */; };
		CF52389821EA6BA0000E5B07 /* GoogleService-Info.plist in Resources */ = {isa = PBXBuildFile; fileRef = CF52389721EA6BA0000E5B07 /* GoogleService-Info.plist */; };
		CF52389C21EA70D0000E5B07 /* LoginViewController.swift in Sources */ = {isa = PBXBuildFile; fileRef = CF52389B21EA70D0000E5B07 /* LoginViewController.swift */; };
		CF5AE67721EAC7930037EB77 /* vitalInfo.png in Resources */ = {isa = PBXBuildFile; fileRef = CF5AE67621EAC7920037EB77 /* vitalInfo.png */; };
		CF5AE67921EAC7E00037EB77 /* InfoViewController.swift in Sources */ = {isa = PBXBuildFile; fileRef = CF5AE67821EAC7E00037EB77 /* InfoViewController.swift */; };
		D4ADF08BAE865443A498A124 /* Pods_reportaraid.framework in Frameworks */ = {isa = PBXBuildFile; fileRef = 9709C444816FA0862567C6E6 /* Pods_reportaraid.framework */; };
/* End PBXBuildFile section */

/* Begin PBXFileReference section */
		9709C444816FA0862567C6E6 /* Pods_reportaraid.framework */ = {isa = PBXFileReference; explicitFileType = wrapper.framework; includeInIndex = 0; path = Pods_reportaraid.framework; sourceTree = BUILT_PRODUCTS_DIR; };
		C4588FE252437F7C734BD1A4 /* Pods-reportaraid.release.xcconfig */ = {isa = PBXFileReference; includeInIndex = 1; lastKnownFileType = text.xcconfig; name = "Pods-reportaraid.release.xcconfig"; path = "Pods/Target Support Files/Pods-reportaraid/Pods-reportaraid.release.xcconfig"; sourceTree = "<group>"; };
		CCC0CA78C48C284B4D0064FA /* Pods-reportaraid.debug.xcconfig */ = {isa = PBXFileReference; includeInIndex = 1; lastKnownFileType = text.xcconfig; name = "Pods-reportaraid.debug.xcconfig"; path = "Pods/Target Support Files/Pods-reportaraid/Pods-reportaraid.debug.xcconfig"; sourceTree = "<group>"; };
		CF14451A21EA624B0004129A /* reportaraid.app */ = {isa = PBXFileReference; explicitFileType = wrapper.application; includeInIndex = 0; path = reportaraid.app; sourceTree = BUILT_PRODUCTS_DIR; };
		CF14451D21EA624B0004129A /* AppDelegate.swift */ = {isa = PBXFileReference; lastKnownFileType = sourcecode.swift; path = AppDelegate.swift; sourceTree = "<group>"; };
		CF14451F21EA624B0004129A /* ViewController.swift */ = {isa = PBXFileReference; lastKnownFileType = sourcecode.swift; path = ViewController.swift; sourceTree = "<group>"; };
		CF14452221EA624B0004129A /* Base */ = {isa = PBXFileReference; lastKnownFileType = file.storyboard; name = Base; path = Base.lproj/Main.storyboard; sourceTree = "<group>"; };
		CF14452421EA624C0004129A /* Assets.xcassets */ = {isa = PBXFileReference; lastKnownFileType = folder.assetcatalog; path = Assets.xcassets; sourceTree = "<group>"; };
		CF14452721EA624C0004129A /* Base */ = {isa = PBXFileReference; lastKnownFileType = file.storyboard; name = Base; path = Base.lproj/LaunchScreen.storyboard; sourceTree = "<group>"; };
		CF14452921EA624C0004129A /* Info.plist */ = {isa = PBXFileReference; lastKnownFileType = text.plist.xml; path = Info.plist; sourceTree = "<group>"; };
		CF52389521EA6B85000E5B07 /* GoogleService-Info.plist */ = {isa = PBXFileReference; fileEncoding = 4; lastKnownFileType = text.plist.xml; path = "GoogleService-Info.plist"; sourceTree = "<group>"; };
		CF52389721EA6BA0000E5B07 /* GoogleService-Info.plist */ = {isa = PBXFileReference; fileEncoding = 4; lastKnownFileType = text.plist.xml; path = "GoogleService-Info.plist"; sourceTree = "<group>"; };
		CF52389B21EA70D0000E5B07 /* LoginViewController.swift */ = {isa = PBXFileReference; lastKnownFileType = sourcecode.swift; path = LoginViewController.swift; sourceTree = "<group>"; };
		CF5AE67621EAC7920037EB77 /* vitalInfo.png */ = {isa = PBXFileReference; lastKnownFileType = image.png; path = vitalInfo.png; sourceTree = "<group>"; };
		CF5AE67821EAC7E00037EB77 /* InfoViewController.swift */ = {isa = PBXFileReference; lastKnownFileType = sourcecode.swift; path = InfoViewController.swift; sourceTree = "<group>"; };
/* End PBXFileReference section */

/* Begin PBXFrameworksBuildPhase section */
		CF14451721EA624B0004129A /* Frameworks */ = {
			isa = PBXFrameworksBuildPhase;
			buildActionMask = 2147483647;
			files = (
				D4ADF08BAE865443A498A124 /* Pods_reportaraid.framework in Frameworks */,
			);
			runOnlyForDeploymentPostprocessing = 0;
		};
/* End PBXFrameworksBuildPhase section */

/* Begin PBXGroup section */
		4C0BD8B6A1F483CCC13A6A95 /* Frameworks */ = {
			isa = PBXGroup;
			children = (
				9709C444816FA0862567C6E6 /* Pods_reportaraid.framework */,
			);
			name = Frameworks;
			sourceTree = "<group>";
		};
		9647018A8944A3B61671837E /* Pods */ = {
			isa = PBXGroup;
			children = (
				CCC0CA78C48C284B4D0064FA /* Pods-reportaraid.debug.xcconfig */,
				C4588FE252437F7C734BD1A4 /* Pods-reportaraid.release.xcconfig */,
			);
			name = Pods;
			sourceTree = "<group>";
		};
		CF14451121EA624B0004129A = {
			isa = PBXGroup;
			children = (
				CF14451C21EA624B0004129A /* reportaraid */,
				CF14451B21EA624B0004129A /* Products */,
				9647018A8944A3B61671837E /* Pods */,
				4C0BD8B6A1F483CCC13A6A95 /* Frameworks */,
			);
			sourceTree = "<group>";
		};
		CF14451B21EA624B0004129A /* Products */ = {
			isa = PBXGroup;
			children = (
				CF14451A21EA624B0004129A /* reportaraid.app */,
			);
			name = Products;
			sourceTree = "<group>";
		};
		CF14451C21EA624B0004129A /* reportaraid */ = {
			isa = PBXGroup;
			children = (
				CF52389521EA6B85000E5B07 /* GoogleService-Info.plist */,
				CF52389721EA6BA0000E5B07 /* GoogleService-Info.plist */,
				CF14451D21EA624B0004129A /* AppDelegate.swift */,
				CF14451F21EA624B0004129A /* ViewController.swift */,
				CF14452121EA624B0004129A /* Main.storyboard */,
				CF14452421EA624C0004129A /* Assets.xcassets */,
				CF14452621EA624C0004129A /* LaunchScreen.storyboard */,
				CF14452921EA624C0004129A /* Info.plist */,
				CF5AE67621EAC7920037EB77 /* vitalInfo.png */,
				CF5AE67821EAC7E00037EB77 /* InfoViewController.swift */,
				CF52389B21EA70D0000E5B07 /* LoginViewController.swift */,
			);
			path = reportaraid;
			sourceTree = "<group>";
		};
/* End PBXGroup section */

/* Begin PBXNativeTarget section */
		CF14451921EA624B0004129A /* reportaraid */ = {
			isa = PBXNativeTarget;
			buildConfigurationList = CF14452C21EA624C0004129A /* Build configuration list for PBXNativeTarget "reportaraid" */;
			buildPhases = (
				48BA5F9405C5BFF0F9E009A9 /* [CP] Check Pods Manifest.lock */,
				CF14451621EA624B0004129A /* Sources */,
				CF14451721EA624B0004129A /* Frameworks */,
				CF14451821EA624B0004129A /* Resources */,
				3EA131A2145B783CB4E69F12 /* [CP] Embed Pods Frameworks */,
			);
			buildRules = (
			);
			dependencies = (
			);
			name = reportaraid;
			productName = reportaraid;
			productReference = CF14451A21EA624B0004129A /* reportaraid.app */;
			productType = "com.apple.product-type.application";
		};
/* End PBXNativeTarget section */

/* Begin PBXProject section */
		CF14451221EA624B0004129A /* Project object */ = {
			isa = PBXProject;
			attributes = {
				LastSwiftUpdateCheck = 1010;
				LastUpgradeCheck = 1010;
				ORGANIZATIONNAME = "Hayden Hong";
				TargetAttributes = {
					CF14451921EA624B0004129A = {
						CreatedOnToolsVersion = 10.1;
					};
				};
			};
			buildConfigurationList = CF14451521EA624B0004129A /* Build configuration list for PBXProject "reportaraid" */;
			compatibilityVersion = "Xcode 9.3";
			developmentRegion = en;
			hasScannedForEncodings = 0;
			knownRegions = (
				en,
				Base,
			);
			mainGroup = CF14451121EA624B0004129A;
			productRefGroup = CF14451B21EA624B0004129A /* Products */;
			projectDirPath = "";
			projectRoot = "";
			targets = (
				CF14451921EA624B0004129A /* reportaraid */,
			);
		};
/* End PBXProject section */

/* Begin PBXResourcesBuildPhase section */
		CF14451821EA624B0004129A /* Resources */ = {
			isa = PBXResourcesBuildPhase;
			buildActionMask = 2147483647;
			files = (
				CF5AE67721EAC7930037EB77 /* vitalInfo.png in Resources */,
				CF14452821EA624C0004129A /* LaunchScreen.storyboard in Resources */,
				CF52389621EA6B85000E5B07 /* GoogleService-Info.plist in Resources */,
				CF52389821EA6BA0000E5B07 /* GoogleService-Info.plist in Resources */,
				CF14452521EA624C0004129A /* Assets.xcassets in Resources */,
				CF14452321EA624B0004129A /* Main.storyboard in Resources */,
			);
			runOnlyForDeploymentPostprocessing = 0;
		};
/* End PBXResourcesBuildPhase section */

/* Begin PBXShellScriptBuildPhase section */
		3EA131A2145B783CB4E69F12 /* [CP] Embed Pods Frameworks */ = {
			isa = PBXShellScriptBuildPhase;
			buildActionMask = 2147483647;
			files = (
			);
			inputFileListPaths = (
			);
			inputPaths = (
				"${SRCROOT}/Pods/Target Support Files/Pods-reportaraid/Pods-reportaraid-frameworks.sh",
				"${BUILT_PRODUCTS_DIR}/BoringSSL/openssl.framework",
				"${BUILT_PRODUCTS_DIR}/GoogleUtilities/GoogleUtilities.framework",
				"${BUILT_PRODUCTS_DIR}/Pastel/Pastel.framework",
				"${BUILT_PRODUCTS_DIR}/Protobuf/Protobuf.framework",
				"${BUILT_PRODUCTS_DIR}/gRPC/GRPCClient.framework",
				"${BUILT_PRODUCTS_DIR}/gRPC-C++/grpcpp.framework",
				"${BUILT_PRODUCTS_DIR}/gRPC-Core/grpc.framework",
				"${BUILT_PRODUCTS_DIR}/gRPC-ProtoRPC/ProtoRPC.framework",
				"${BUILT_PRODUCTS_DIR}/gRPC-RxLibrary/RxLibrary.framework",
				"${BUILT_PRODUCTS_DIR}/leveldb-library/leveldb.framework",
				"${BUILT_PRODUCTS_DIR}/nanopb/nanopb.framework",
			);
			name = "[CP] Embed Pods Frameworks";
			outputFileListPaths = (
			);
			outputPaths = (
				"${TARGET_BUILD_DIR}/${FRAMEWORKS_FOLDER_PATH}/openssl.framework",
				"${TARGET_BUILD_DIR}/${FRAMEWORKS_FOLDER_PATH}/GoogleUtilities.framework",
				"${TARGET_BUILD_DIR}/${FRAMEWORKS_FOLDER_PATH}/Pastel.framework",
				"${TARGET_BUILD_DIR}/${FRAMEWORKS_FOLDER_PATH}/Protobuf.framework",
				"${TARGET_BUILD_DIR}/${FRAMEWORKS_FOLDER_PATH}/GRPCClient.framework",
				"${TARGET_BUILD_DIR}/${FRAMEWORKS_FOLDER_PATH}/grpcpp.framework",
				"${TARGET_BUILD_DIR}/${FRAMEWORKS_FOLDER_PATH}/grpc.framework",
				"${TARGET_BUILD_DIR}/${FRAMEWORKS_FOLDER_PATH}/ProtoRPC.framework",
				"${TARGET_BUILD_DIR}/${FRAMEWORKS_FOLDER_PATH}/RxLibrary.framework",
				"${TARGET_BUILD_DIR}/${FRAMEWORKS_FOLDER_PATH}/leveldb.framework",
				"${TARGET_BUILD_DIR}/${FRAMEWORKS_FOLDER_PATH}/nanopb.framework",
			);
			runOnlyForDeploymentPostprocessing = 0;
			shellPath = /bin/sh;
			shellScript = "\"${SRCROOT}/Pods/Target Support Files/Pods-reportaraid/Pods-reportaraid-frameworks.sh\"\n";
			showEnvVarsInLog = 0;
		};
		48BA5F9405C5BFF0F9E009A9 /* [CP] Check Pods Manifest.lock */ = {
			isa = PBXShellScriptBuildPhase;
			buildActionMask = 2147483647;
			files = (
			);
			inputFileListPaths = (
			);
			inputPaths = (
				"${PODS_PODFILE_DIR_PATH}/Podfile.lock",
				"${PODS_ROOT}/Manifest.lock",
			);
			name = "[CP] Check Pods Manifest.lock";
			outputFileListPaths = (
			);
			outputPaths = (
				"$(DERIVED_FILE_DIR)/Pods-reportaraid-checkManifestLockResult.txt",
			);
			runOnlyForDeploymentPostprocessing = 0;
			shellPath = /bin/sh;
			shellScript = "diff \"${PODS_PODFILE_DIR_PATH}/Podfile.lock\" \"${PODS_ROOT}/Manifest.lock\" > /dev/null\nif [ $? != 0 ] ; then\n    # print error to STDERR\n    echo \"error: The sandbox is not in sync with the Podfile.lock. Run 'pod install' or update your CocoaPods installation.\" >&2\n    exit 1\nfi\n# This output is used by Xcode 'outputs' to avoid re-running this script phase.\necho \"SUCCESS\" > \"${SCRIPT_OUTPUT_FILE_0}\"\n";
			showEnvVarsInLog = 0;
		};
/* End PBXShellScriptBuildPhase section */

/* Begin PBXSourcesBuildPhase section */
		CF14451621EA624B0004129A /* Sources */ = {
			isa = PBXSourcesBuildPhase;
			buildActionMask = 2147483647;
			files = (
				CF52389C21EA70D0000E5B07 /* LoginViewController.swift in Sources */,
				CF14452021EA624B0004129A /* ViewController.swift in Sources */,
				CF5AE67921EAC7E00037EB77 /* InfoViewController.swift in Sources */,
				CF14451E21EA624B0004129A /* AppDelegate.swift in Sources */,
			);
			runOnlyForDeploymentPostprocessing = 0;
		};
/* End PBXSourcesBuildPhase section */

/* Begin PBXVariantGroup section */
		CF14452121EA624B0004129A /* Main.storyboard */ = {
			isa = PBXVariantGroup;
			children = (
				CF14452221EA624B0004129A /* Base */,
			);
			name = Main.storyboard;
			sourceTree = "<group>";
		};
		CF14452621EA624C0004129A /* LaunchScreen.storyboard */ = {
			isa = PBXVariantGroup;
			children = (
				CF14452721EA624C0004129A /* Base */,
			);
			name = LaunchScreen.storyboard;
			sourceTree = "<group>";
		};
/* End PBXVariantGroup section */

/* Begin XCBuildConfiguration section */
		CF14452A21EA624C0004129A /* Debug */ = {
			isa = XCBuildConfiguration;
			buildSettings = {
				ALWAYS_SEARCH_USER_PATHS = NO;
				CLANG_ANALYZER_NONNULL = YES;
				CLANG_ANALYZER_NUMBER_OBJECT_CONVERSION = YES_AGGRESSIVE;
				CLANG_CXX_LANGUAGE_STANDARD = "gnu++14";
				CLANG_CXX_LIBRARY = "libc++";
				CLANG_ENABLE_MODULES = YES;
				CLANG_ENABLE_OBJC_ARC = YES;
				CLANG_ENABLE_OBJC_WEAK = YES;
				CLANG_WARN_BLOCK_CAPTURE_AUTORELEASING = YES;
				CLANG_WARN_BOOL_CONVERSION = YES;
				CLANG_WARN_COMMA = YES;
				CLANG_WARN_CONSTANT_CONVERSION = YES;
				CLANG_WARN_DEPRECATED_OBJC_IMPLEMENTATIONS = YES;
				CLANG_WARN_DIRECT_OBJC_ISA_USAGE = YES_ERROR;
				CLANG_WARN_DOCUMENTATION_COMMENTS = YES;
				CLANG_WARN_EMPTY_BODY = YES;
				CLANG_WARN_ENUM_CONVERSION = YES;
				CLANG_WARN_INFINITE_RECURSION = YES;
				CLANG_WARN_INT_CONVERSION = YES;
				CLANG_WARN_NON_LITERAL_NULL_CONVERSION = YES;
				CLANG_WARN_OBJC_IMPLICIT_RETAIN_SELF = YES;
				CLANG_WARN_OBJC_LITERAL_CONVERSION = YES;
				CLANG_WARN_OBJC_ROOT_CLASS = YES_ERROR;
				CLANG_WARN_RANGE_LOOP_ANALYSIS = YES;
				CLANG_WARN_STRICT_PROTOTYPES = YES;
				CLANG_WARN_SUSPICIOUS_MOVE = YES;
				CLANG_WARN_UNGUARDED_AVAILABILITY = YES_AGGRESSIVE;
				CLANG_WARN_UNREACHABLE_CODE = YES;
				CLANG_WARN__DUPLICATE_METHOD_MATCH = YES;
				CODE_SIGN_IDENTITY = "iPhone Developer";
				COPY_PHASE_STRIP = NO;
				DEBUG_INFORMATION_FORMAT = dwarf;
				ENABLE_STRICT_OBJC_MSGSEND = YES;
				ENABLE_TESTABILITY = YES;
				GCC_C_LANGUAGE_STANDARD = gnu11;
				GCC_DYNAMIC_NO_PIC = NO;
				GCC_NO_COMMON_BLOCKS = YES;
				GCC_OPTIMIZATION_LEVEL = 0;
				GCC_PREPROCESSOR_DEFINITIONS = (
					"DEBUG=1",
					"$(inherited)",
				);
				GCC_WARN_64_TO_32_BIT_CONVERSION = YES;
				GCC_WARN_ABOUT_RETURN_TYPE = YES_ERROR;
				GCC_WARN_UNDECLARED_SELECTOR = YES;
				GCC_WARN_UNINITIALIZED_AUTOS = YES_AGGRESSIVE;
				GCC_WARN_UNUSED_FUNCTION = YES;
				GCC_WARN_UNUSED_VARIABLE = YES;
				IPHONEOS_DEPLOYMENT_TARGET = 12.1;
				MTL_ENABLE_DEBUG_INFO = INCLUDE_SOURCE;
				MTL_FAST_MATH = YES;
				ONLY_ACTIVE_ARCH = YES;
				SDKROOT = iphoneos;
				SWIFT_ACTIVE_COMPILATION_CONDITIONS = DEBUG;
				SWIFT_OPTIMIZATION_LEVEL = "-Onone";
			};
			name = Debug;
		};
		CF14452B21EA624C0004129A /* Release */ = {
			isa = XCBuildConfiguration;
			buildSettings = {
				ALWAYS_SEARCH_USER_PATHS = NO;
				CLANG_ANALYZER_NONNULL = YES;
				CLANG_ANALYZER_NUMBER_OBJECT_CONVERSION = YES_AGGRESSIVE;
				CLANG_CXX_LANGUAGE_STANDARD = "gnu++14";
				CLANG_CXX_LIBRARY = "libc++";
				CLANG_ENABLE_MODULES = YES;
				CLANG_ENABLE_OBJC_ARC = YES;
				CLANG_ENABLE_OBJC_WEAK = YES;
				CLANG_WARN_BLOCK_CAPTURE_AUTORELEASING = YES;
				CLANG_WARN_BOOL_CONVERSION = YES;
				CLANG_WARN_COMMA = YES;
				CLANG_WARN_CONSTANT_CONVERSION = YES;
				CLANG_WARN_DEPRECATED_OBJC_IMPLEMENTATIONS = YES;
				CLANG_WARN_DIRECT_OBJC_ISA_USAGE = YES_ERROR;
				CLANG_WARN_DOCUMENTATION_COMMENTS = YES;
				CLANG_WARN_EMPTY_BODY = YES;
				CLANG_WARN_ENUM_CONVERSION = YES;
				CLANG_WARN_INFINITE_RECURSION = YES;
				CLANG_WARN_INT_CONVERSION = YES;
				CLANG_WARN_NON_LITERAL_NULL_CONVERSION = YES;
				CLANG_WARN_OBJC_IMPLICIT_RETAIN_SELF = YES;
				CLANG_WARN_OBJC_LITERAL_CONVERSION = YES;
				CLANG_WARN_OBJC_ROOT_CLASS = YES_ERROR;
				CLANG_WARN_RANGE_LOOP_ANALYSIS = YES;
				CLANG_WARN_STRICT_PROTOTYPES = YES;
				CLANG_WARN_SUSPICIOUS_MOVE = YES;
				CLANG_WARN_UNGUARDED_AVAILABILITY = YES_AGGRESSIVE;
				CLANG_WARN_UNREACHABLE_CODE = YES;
				CLANG_WARN__DUPLICATE_METHOD_MATCH = YES;
				CODE_SIGN_IDENTITY = "iPhone Developer";
				COPY_PHASE_STRIP = NO;
				DEBUG_INFORMATION_FORMAT = "dwarf-with-dsym";
				ENABLE_NS_ASSERTIONS = NO;
				ENABLE_STRICT_OBJC_MSGSEND = YES;
				GCC_C_LANGUAGE_STANDARD = gnu11;
				GCC_NO_COMMON_BLOCKS = YES;
				GCC_WARN_64_TO_32_BIT_CONVERSION = YES;
				GCC_WARN_ABOUT_RETURN_TYPE = YES_ERROR;
				GCC_WARN_UNDECLARED_SELECTOR = YES;
				GCC_WARN_UNINITIALIZED_AUTOS = YES_AGGRESSIVE;
				GCC_WARN_UNUSED_FUNCTION = YES;
				GCC_WARN_UNUSED_VARIABLE = YES;
				IPHONEOS_DEPLOYMENT_TARGET = 12.1;
				MTL_ENABLE_DEBUG_INFO = NO;
				MTL_FAST_MATH = YES;
				SDKROOT = iphoneos;
				SWIFT_COMPILATION_MODE = wholemodule;
				SWIFT_OPTIMIZATION_LEVEL = "-O";
				VALIDATE_PRODUCT = YES;
			};
			name = Release;
		};
		CF14452D21EA624C0004129A /* Debug */ = {
			isa = XCBuildConfiguration;
			baseConfigurationReference = CCC0CA78C48C284B4D0064FA /* Pods-reportaraid.debug.xcconfig */;
			buildSettings = {
				ASSETCATALOG_COMPILER_APPICON_NAME = AppIcon;
				CODE_SIGN_STYLE = Automatic;
				DEVELOPMENT_TEAM = K4M2TD6G2A;
				INFOPLIST_FILE = reportaraid/Info.plist;
				LD_RUNPATH_SEARCH_PATHS = (
					"$(inherited)",
					"@executable_path/Frameworks",
				);
				PRODUCT_BUNDLE_IDENTIFIER = com.haydenhong.reportaraid;
				PRODUCT_NAME = "$(TARGET_NAME)";
				SWIFT_VERSION = 4.2;
				TARGETED_DEVICE_FAMILY = "1,2";
			};
			name = Debug;
		};
		CF14452E21EA624C0004129A /* Release */ = {
			isa = XCBuildConfiguration;
			baseConfigurationReference = C4588FE252437F7C734BD1A4 /* Pods-reportaraid.release.xcconfig */;
			buildSettings = {
				ASSETCATALOG_COMPILER_APPICON_NAME = AppIcon;
				CODE_SIGN_STYLE = Automatic;
				DEVELOPMENT_TEAM = K4M2TD6G2A;
				INFOPLIST_FILE = reportaraid/Info.plist;
				LD_RUNPATH_SEARCH_PATHS = (
					"$(inherited)",
					"@executable_path/Frameworks",
				);
				PRODUCT_BUNDLE_IDENTIFIER = com.haydenhong.reportaraid;
				PRODUCT_NAME = "$(TARGET_NAME)";
				SWIFT_VERSION = 4.2;
				TARGETED_DEVICE_FAMILY = "1,2";
			};
			name = Release;
		};
/* End XCBuildConfiguration section */

/* Begin XCConfigurationList section */
		CF14451521EA624B0004129A /* Build configuration list for PBXProject "reportaraid" */ = {
			isa = XCConfigurationList;
			buildConfigurations = (
				CF14452A21EA624C0004129A /* Debug */,
				CF14452B21EA624C0004129A /* Release */,
			);
			defaultConfigurationIsVisible = 0;
			defaultConfigurationName = Release;
		};
		CF14452C21EA624C0004129A /* Build configuration list for PBXNativeTarget "reportaraid" */ = {
			isa = XCConfigurationList;
			buildConfigurations = (
				CF14452D21EA624C0004129A /* Debug */,
				CF14452E21EA624C0004129A /* Release */,
			);
			defaultConfigurationIsVisible = 0;
			defaultConfigurationName = Release;
		};
/* End XCConfigurationList section */
	};
	rootObject = CF14451221EA624B0004129A /* Project object */;
}
